
Microsoft Visual Studio Solution File, Format Version 12.00
# Visual Studio Version 17
VisualStudioVersion = 17.9.34723.18
MinimumVisualStudioVersion = 10.0.40219.1
Project("{FAE04EC0-301F-11D3-BF4B-00C04F79EFBC}") = "GenerateThumbnails", "GenerateThumbnails.csproj", "{C043222F-F4C5-4CBD-9C7C-68EB7209979B}"
EndProject
Global
	GlobalSection(SolutionConfigurationPlatforms) = preSolution
		Debug|Any CPU = Debug|Any CPU
		Release|Any CPU = Release|Any CPU
	EndGlobalSection
	GlobalSection(ProjectConfigurationPlatforms) = postSolution
		{C043222F-F4C5-4CBD-9C7C-68EB7209979B}.Debug|Any CPU.ActiveCfg = Debug|Any CPU
		{C043222F-F4C5-4CBD-9C7C-68EB7209979B}.Debug|Any CPU.Build.0 = Debug|Any CPU
		{C043222F-F4C5-4CBD-9C7C-68EB7209979B}.Release|Any CPU.ActiveCfg = Release|Any CPU
		{C043222F-F4C5-4CBD-9C7C-68EB7209979B}.Release|Any CPU.Build.0 = Release|Any CPU
	EndGlobalSection
	GlobalSection(SolutionProperties) = preSolution
		HideSolutionNode = FALSE
	EndGlobalSection
	GlobalSection(ExtensibilityGlobals) = postSolution
		SolutionGuid = {C515D8A5-2653-4071-BEDE-8DBA68185091}
	EndGlobalSection
EndGlobal
